
Microsoft Visual Studio Solution File, Format Version 12.00
# Visual Studio Version 17
VisualStudioVersion = 17.1.32210.238
MinimumVisualStudioVersion = 10.0.40219.1
Project("{FAE04EC0-301F-11D3-BF4B-00C04F79EFBC}") = "Utils.IO Server", "Utils.IO Server.csproj", "{D9B15100-D047-4E76-987D-A0E4222CCF3E}"
EndProject
Global
	GlobalSection(SolutionConfigurationPlatforms) = preSolution
		Debug|Any CPU = Debug|Any CPU
		Release|Any CPU = Release|Any CPU
	EndGlobalSection
	GlobalSection(ProjectConfigurationPlatforms) = postSolution
		{D9B15100-D047-4E76-987D-A0E4222CCF3E}.Debug|Any CPU.ActiveCfg = Debug|Any CPU
		{D9B15100-D047-4E76-987D-A0E4222CCF3E}.Debug|Any CPU.Build.0 = Debug|Any CPU
		{D9B15100-D047-4E76-987D-A0E4222CCF3E}.Release|Any CPU.ActiveCfg = Release|Any CPU
		{D9B15100-D047-4E76-987D-A0E4222CCF3E}.Release|Any CPU.Build.0 = Release|Any CPU
	EndGlobalSection
	GlobalSection(SolutionProperties) = preSolution
		HideSolutionNode = FALSE
	EndGlobalSection
	GlobalSection(ExtensibilityGlobals) = postSolution
		SolutionGuid = {296001AA-4C24-4BFE-A5F1-90B91E957C96}
	EndGlobalSection
EndGlobal
